
Microsoft Visual Studio Solution File, Format Version 12.00
# Visual Studio 15
VisualStudioVersion = 15.0.27703.2035
MinimumVisualStudioVersion = 10.0.40219.1
Project("{8BC9CEB8-8B4A-11D0-8D11-00A0C91BC942}") = "zmq-client", "zmq-client\zmq-client.vcxproj", "{254A9914-C2E9-49B2-A2C0-CDB5C6C80203}"
EndProject
Global
	GlobalSection(SolutionConfigurationPlatforms) = preSolution
		Debug|x64 = Debug|x64
		Debug|x86 = Debug|x86
		Release|x64 = Release|x64
		Release|x86 = Release|x86
	EndGlobalSection
	GlobalSection(ProjectConfigurationPlatforms) = postSolution
		{254A9914-C2E9-49B2-A2C0-CDB5C6C80203}.Debug|x64.ActiveCfg = Debug|x64
		{254A9914-C2E9-49B2-A2C0-CDB5C6C80203}.Debug|x64.Build.0 = Debug|x64
		{254A9914-C2E9-49B2-A2C0-CDB5C6C80203}.Debug|x86.ActiveCfg = Debug|Win32
		{254A9914-C2E9-49B2-A2C0-CDB5C6C80203}.Debug|x86.Build.0 = Debug|Win32
		{254A9914-C2E9-49B2-A2C0-CDB5C6C80203}.Release|x64.ActiveCfg = Release|x64
		{254A9914-C2E9-49B2-A2C0-CDB5C6C80203}.Release|x64.Build.0 = Release|x64
		{254A9914-C2E9-49B2-A2C0-CDB5C6C80203}.Release|x86.ActiveCfg = Release|Win32
		{254A9914-C2E9-49B2-A2C0-CDB5C6C80203}.Release|x86.Build.0 = Release|Win32
	EndGlobalSection
	GlobalSection(SolutionProperties) = preSolution
		HideSolutionNode = FALSE
	EndGlobalSection
	GlobalSection(ExtensibilityGlobals) = postSolution
		SolutionGuid = {BE1D5925-2FEC-41A8-B3D4-82C87F19D6DF}
	EndGlobalSection
EndGlobal
